{
	"requires": true,
	"lockfileVersion": 1,
	"dependencies": {
		"@syncano/core": {
			"version": "0.11.0",
			"resolved": "https://registry.npmjs.org/@syncano/core/-/core-0.11.0.tgz",
			"integrity": "sha512-lLcRNOJc1ugLURSTvFGe0ZFc6Zox38X+3lMBrDdhebC7pHbZMpAsbBJyTG4tobDcbUfv8ifky9CBJG4RlzGPRw==",
			"requires": {
				"debug": "3.1.0",
				"form-data": "2.3.2",
				"lodash.get": "4.4.2",
				"lodash.merge": "4.6.1",
				"lodash.set": "4.3.2",
				"node-fetch": "2.0.0-alpha.9"
			}
		},
		"asynckit": {
			"version": "0.4.0",
			"resolved": "https://registry.npmjs.org/asynckit/-/asynckit-0.4.0.tgz",
			"integrity": "sha1-x57Zf380y48robyXkLzDZkdLS3k="
		},
		"combined-stream": {
			"version": "1.0.6",
			"resolved": "https://registry.npmjs.org/combined-stream/-/combined-stream-1.0.6.tgz",
			"integrity": "sha1-cj599ugBrFYTETp+RFqbactjKBg=",
			"requires": {
				"delayed-stream": "1.0.0"
			}
		},
		"debug": {
			"version": "3.1.0",
			"resolved": "https://registry.npmjs.org/debug/-/debug-3.1.0.tgz",
			"integrity": "sha512-OX8XqP7/1a9cqkxYw2yXss15f26NKWBpDXQd0/uK/KPqdQhxbPa994hnzjcE2VqQpDslf55723cKPUOGSmMY3g==",
			"requires": {
				"ms": "2.0.0"
			}
		},
		"delayed-stream": {
			"version": "1.0.0",
			"resolved": "https://registry.npmjs.org/delayed-stream/-/delayed-stream-1.0.0.tgz",
			"integrity": "sha1-3zrhmayt+31ECqrgsp4icrJOxhk="
		},
		"form-data": {
			"version": "2.3.2",
			"resolved": "https://registry.npmjs.org/form-data/-/form-data-2.3.2.tgz",
			"integrity": "sha1-SXBJi+YEwgwAXU9cI67NIda0kJk=",
			"requires": {
				"asynckit": "0.4.0",
				"combined-stream": "1.0.6",
				"mime-types": "2.1.18"
			}
		},
		"lodash.get": {
			"version": "4.4.2",
			"resolved": "https://registry.npmjs.org/lodash.get/-/lodash.get-4.4.2.tgz",
			"integrity": "sha1-LRd/ZS+jHpObRDjVNBSZ36OCXpk="
		},
		"lodash.merge": {
			"version": "4.6.1",
			"resolved": "https://registry.npmjs.org/lodash.merge/-/lodash.merge-4.6.1.tgz",
			"integrity": "sha512-AOYza4+Hf5z1/0Hztxpm2/xiPZgi/cjMqdnKTUWTBSKchJlxXXuUSxCCl8rJlf4g6yww/j6mA8nC8Hw/EZWxKQ=="
		},
		"lodash.set": {
			"version": "4.3.2",
			"resolved": "https://registry.npmjs.org/lodash.set/-/lodash.set-4.3.2.tgz",
			"integrity": "sha1-2HV7HagH3eJIFrDWqEvqGnYjCyM="
		},
		"mime-db": {
			"version": "1.33.0",
			"resolved": "https://registry.npmjs.org/mime-db/-/mime-db-1.33.0.tgz",
			"integrity": "sha512-BHJ/EKruNIqJf/QahvxwQZXKygOQ256myeN/Ew+THcAa5q+PjyTTMMeNQC4DZw5AwfvelsUrA6B67NKMqXDbzQ=="
		},
		"mime-types": {
			"version": "2.1.18",
			"resolved": "https://registry.npmjs.org/mime-types/-/mime-types-2.1.18.tgz",
			"integrity": "sha512-lc/aahn+t4/SWV/qcmumYjymLsWfN3ELhpmVuUFjgsORruuZPVSwAQryq+HHGvO/SI2KVX26bx+En+zhM8g8hQ==",
			"requires": {
				"mime-db": "1.33.0"
			}
		},
		"ms": {
			"version": "2.0.0",
			"resolved": "https://registry.npmjs.org/ms/-/ms-2.0.0.tgz",
			"integrity": "sha1-VgiurfwAvmwpAd9fmGF4jeDVl8g="
		},
		"node-fetch": {
			"version": "2.0.0-alpha.9",
			"resolved": "https://registry.npmjs.org/node-fetch/-/node-fetch-2.0.0-alpha.9.tgz",
			"integrity": "sha512-I7wP1QkmBNX1mt4BS5zyLRTegl5Ii+MSalpfFefn+EZFrGVsdfCvLTKt9eHkNlU4phKgp3tqLWW8VXDcCm9m9w=="
		}
	}
}
